
Microsoft Visual Studio Solution File, Format Version 12.00
# Visual Studio 14
VisualStudioVersion = 14.0.23107.0
MinimumVisualStudioVersion = 10.0.40219.1
Project("{FAE04EC0-301F-11D3-BF4B-00C04F79EFBC}") = "Picrosser", "gui\Picrosser.csproj", "{CAF913E8-DBFF-4603-88B0-347DDFAD4068}"
EndProject
Project("{FAE04EC0-301F-11D3-BF4B-00C04F79EFBC}") = "PicrosserConsole", "PicrosserConsole\PicrosserConsole.csproj", "{02488C1D-D0C3-42CE-B8C7-D929CC349BAA}"
EndProject
Global
	GlobalSection(SolutionConfigurationPlatforms) = preSolution
		Debug|Any CPU = Debug|Any CPU
		Release|Any CPU = Release|Any CPU
	EndGlobalSection
	GlobalSection(ProjectConfigurationPlatforms) = postSolution
		{CAF913E8-DBFF-4603-88B0-347DDFAD4068}.Debug|Any CPU.ActiveCfg = Debug|Any CPU
		{CAF913E8-DBFF-4603-88B0-347DDFAD4068}.Debug|Any CPU.Build.0 = Debug|Any CPU
		{CAF913E8-DBFF-4603-88B0-347DDFAD4068}.Release|Any CPU.ActiveCfg = Release|Any CPU
		{CAF913E8-DBFF-4603-88B0-347DDFAD4068}.Release|Any CPU.Build.0 = Release|Any CPU
		{02488C1D-D0C3-42CE-B8C7-D929CC349BAA}.Debug|Any CPU.ActiveCfg = Debug|Any CPU
		{02488C1D-D0C3-42CE-B8C7-D929CC349BAA}.Debug|Any CPU.Build.0 = Debug|Any CPU
		{02488C1D-D0C3-42CE-B8C7-D929CC349BAA}.Release|Any CPU.ActiveCfg = Release|Any CPU
		{02488C1D-D0C3-42CE-B8C7-D929CC349BAA}.Release|Any CPU.Build.0 = Release|Any CPU
	EndGlobalSection
	GlobalSection(SolutionProperties) = preSolution
		HideSolutionNode = FALSE
	EndGlobalSection
EndGlobal
